
Microsoft Visual Studio Solution File, Format Version 12.00
# Visual Studio Version 16
VisualStudioVersion = 16.0.30523.141
MinimumVisualStudioVersion = 10.0.40219.1
Project("{FAE04EC0-301F-11D3-BF4B-00C04F79EFBC}") = "FirstApp1", "FirstApp1.csproj", "{35507ABE-9E30-42E4-91D0-E2E7FE5B8F61}"
EndProject
Global
	GlobalSection(SolutionConfigurationPlatforms) = preSolution
		Debug|Any CPU = Debug|Any CPU
		Release|Any CPU = Release|Any CPU
	EndGlobalSection
	GlobalSection(ProjectConfigurationPlatforms) = postSolution
		{35507ABE-9E30-42E4-91D0-E2E7FE5B8F61}.Debug|Any CPU.ActiveCfg = Debug|Any CPU
		{35507ABE-9E30-42E4-91D0-E2E7FE5B8F61}.Debug|Any CPU.Build.0 = Debug|Any CPU
		{35507ABE-9E30-42E4-91D0-E2E7FE5B8F61}.Release|Any CPU.ActiveCfg = Release|Any CPU
		{35507ABE-9E30-42E4-91D0-E2E7FE5B8F61}.Release|Any CPU.Build.0 = Release|Any CPU
	EndGlobalSection
	GlobalSection(SolutionProperties) = preSolution
		HideSolutionNode = FALSE
	EndGlobalSection
	GlobalSection(ExtensibilityGlobals) = postSolution
		SolutionGuid = {8DCD9AEF-C5CD-4AEF-9826-E73C9E135DFD}
	EndGlobalSection
EndGlobal
